Microsoft Visual Studio Solution File, Format Version 12.00
# Visual Studio Version 17
VisualStudioVersion = 17.5.2.0
MinimumVisualStudioVersion = 10.0.40219.1
Project("{FAE04EC0-301F-11D3-BF4B-00C04F79EFBC}") = "GameOfWar", "GameOfWar.csproj", "{3C0F1A7D-2204-4442-D9CB-26965B61ABCE}"
EndProject
Global
	GlobalSection(SolutionConfigurationPlatforms) = preSolution
		Debug|Any CPU = Debug|Any CPU
		Release|Any CPU = Release|Any CPU
	EndGlobalSection
	GlobalSection(ProjectConfigurationPlatforms) = postSolution
		{3C0F1A7D-2204-4442-D9CB-26965B61ABCE}.Debug|Any CPU.ActiveCfg = Debug|Any CPU
		{3C0F1A7D-2204-4442-D9CB-26965B61ABCE}.Debug|Any CPU.Build.0 = Debug|Any CPU
		{3C0F1A7D-2204-4442-D9CB-26965B61ABCE}.Release|Any CPU.ActiveCfg = Release|Any CPU
		{3C0F1A7D-2204-4442-D9CB-26965B61ABCE}.Release|Any CPU.Build.0 = Release|Any CPU
	EndGlobalSection
	GlobalSection(SolutionProperties) = preSolution
		HideSolutionNode = FALSE
	EndGlobalSection
	GlobalSection(ExtensibilityGlobals) = postSolution
		SolutionGuid = {2AC2A15A-2FD2-4BE3-B9D0-38617C26392A}
	EndGlobalSection
EndGlobal
